
Microsoft Visual Studio Solution File, Format Version 12.00
# Visual Studio Version 17
VisualStudioVersion = 17.11.35312.102
MinimumVisualStudioVersion = 10.0.40219.1
Project("{FAE04EC0-301F-11D3-BF4B-00C04F79EFBC}") = "LR5", "LR5\LR5.csproj", "{6810E220-44A9-4EE0-9D69-91195E4F066D}"
EndProject
Global
	GlobalSection(SolutionConfigurationPlatforms) = preSolution
		Debug|Any CPU = Debug|Any CPU
		Release|Any CPU = Release|Any CPU
	EndGlobalSection
	GlobalSection(ProjectConfigurationPlatforms) = postSolution
		{6810E220-44A9-4EE0-9D69-91195E4F066D}.Debug|Any CPU.ActiveCfg = Debug|Any CPU
		{6810E220-44A9-4EE0-9D69-91195E4F066D}.Debug|Any CPU.Build.0 = Debug|Any CPU
		{6810E220-44A9-4EE0-9D69-91195E4F066D}.Release|Any CPU.ActiveCfg = Release|Any CPU
		{6810E220-44A9-4EE0-9D69-91195E4F066D}.Release|Any CPU.Build.0 = Release|Any CPU
	EndGlobalSection
	GlobalSection(SolutionProperties) = preSolution
		HideSolutionNode = FALSE
	EndGlobalSection
	GlobalSection(ExtensibilityGlobals) = postSolution
		SolutionGuid = {275927A6-6767-4F8C-9BEB-960AD80A4DF1}
	EndGlobalSection
EndGlobal
